// !$*UTF8*$!
{
	archiveVersion = 1;
	classes = {
	};
	objectVersion = 50;
	objects = {

/* Begin PBXBuildFile section */
		95E5FA862437043100C7CBFC /* AppDelegate.swift in Sources */ = {isa = PBXBuildFile; fileRef = 95E5FA852437043100C7CBFC /* AppDelegate.swift */; };
		95E5FA882437043100C7CBFC /* SceneDelegate.swift in Sources */ = {isa = PBXBuildFile; fileRef = 95E5FA872437043100C7CBFC /* SceneDelegate.swift */; };
		95E5FA8A2437043100C7CBFC /* ContentView.swift in Sources */ = {isa = PBXBuildFile; fileRef = 95E5FA892437043100C7CBFC /* ContentView.swift */; };
		95E5FA8C2437043600C7CBFC /* Assets.xcassets in Resources */ = {isa = PBXBuildFile; fileRef = 95E5FA8B2437043600C7CBFC /* Assets.xcassets */; };
		95E5FA8F2437043600C7CBFC /* Preview Assets.xcassets in Resources */ = {isa = PBXBuildFile; fileRef = 95E5FA8E2437043600C7CBFC /* Preview Assets.xcassets */; };
		95E5FA922437043600C7CBFC /* LaunchScreen.storyboard in Resources */ = {isa = PBXBuildFile; fileRef = 95E5FA902437043600C7CBFC /* LaunchScreen.storyboard */; };
		95E5FA9A243726AC00C7CBFC /* note.swift in Sources */ = {isa = PBXBuildFile; fileRef = 95E5FA99243726AC00C7CBFC /* note.swift */; };
		95E5FA9D2437272B00C7CBFC /* missions.json in Resources */ = {isa = PBXBuildFile; fileRef = 95E5FA9B2437272B00C7CBFC /* missions.json */; };
		95E5FA9E2437272B00C7CBFC /* astronauts.json in Resources */ = {isa = PBXBuildFile; fileRef = 95E5FA9C2437272B00C7CBFC /* astronauts.json */; };
		95E5FAA0243727B500C7CBFC /* Astronaut.swift in Sources */ = {isa = PBXBuildFile; fileRef = 95E5FA9F243727B500C7CBFC /* Astronaut.swift */; };
		95E5FAA22437285B00C7CBFC /* Bundle-Decodable.swift in Sources */ = {isa = PBXBuildFile; fileRef = 95E5FAA12437285B00C7CBFC /* Bundle-Decodable.swift */; };
		95E5FAA424372A9800C7CBFC /* Mission.swift in Sources */ = {isa = PBXBuildFile; fileRef = 95E5FAA324372A9800C7CBFC /* Mission.swift */; };
		95E5FAA624375C2900C7CBFC /* MissionView.swift in Sources */ = {isa = PBXBuildFile; fileRef = 95E5FAA524375C2900C7CBFC /* MissionView.swift */; };
		95E5FAA824383B0300C7CBFC /* AstronautView.swift in Sources */ = {isa = PBXBuildFile; fileRef = 95E5FAA724383B0300C7CBFC /* AstronautView.swift */; };
/* End PBXBuildFile section */

/* Begin PBXFileReference section */
		95E5FA822437043100C7CBFC /* Moonshot.app */ = {isa = PBXFileReference; explicitFileType = wrapper.application; includeInIndex = 0; path = Moonshot.app; sourceTree = BUILT_PRODUCTS_DIR; };
		95E5FA852437043100C7CBFC /* AppDelegate.swift */ = {isa = PBXFileReference; lastKnownFileType = sourcecode.swift; path = AppDelegate.swift; sourceTree = "<group>"; };
		95E5FA872437043100C7CBFC /* SceneDelegate.swift */ = {isa = PBXFileReference; lastKnownFileType = sourcecode.swift; path = SceneDelegate.swift; sourceTree = "<group>"; };
		95E5FA892437043100C7CBFC /* ContentView.swift */ = {isa = PBXFileReference; lastKnownFileType = sourcecode.swift; path = ContentView.swift; sourceTree = "<group>"; };
		95E5FA8B2437043600C7CBFC /* Assets.xcassets */ = {isa = PBXFileReference; lastKnownFileType = folder.assetcatalog; path = Assets.xcassets; sourceTree = "<group>"; };
		95E5FA8E2437043600C7CBFC /* Preview Assets.xcassets */ = {isa = PBXFileReference; lastKnownFileType = folder.assetcatalog; path = "Preview Assets.xcassets"; sourceTree = "<group>"; };
		95E5FA912437043600C7CBFC /* Base */ = {isa = PBXFileReference; lastKnownFileType = file.storyboard; name = Base; path = Base.lproj/LaunchScreen.storyboard; sourceTree = "<group>"; };
		95E5FA932437043600C7CBFC /* Info.plist */ = {isa = PBXFileReference; lastKnownFileType = text.plist.xml; path = Info.plist; sourceTree = "<group>"; };
		95E5FA99243726AC00C7CBFC /* note.swift */ = {isa = PBXFileReference; lastKnownFileType = sourcecode.swift; path = note.swift; sourceTree = "<group>"; };
		95E5FA9B2437272B00C7CBFC /* missions.json */ = {isa = PBXFileReference; fileEncoding = 4; lastKnownFileType = text.json; path = missions.json; sourceTree = "<group>"; };
		95E5FA9C2437272B00C7CBFC /* astronauts.json */ = {isa = PBXFileReference; fileEncoding = 4; lastKnownFileType = text.json; path = astronauts.json; sourceTree = "<group>"; };
		95E5FA9F243727B500C7CBFC /* Astronaut.swift */ = {isa = PBXFileReference; lastKnownFileType = sourcecode.swift; path = Astronaut.swift; sourceTree = "<group>"; };
		95E5FAA12437285B00C7CBFC /* Bundle-Decodable.swift */ = {isa = PBXFileReference; lastKnownFileType = sourcecode.swift; path = "Bundle-Decodable.swift"; sourceTree = "<group>"; };
		95E5FAA324372A9800C7CBFC /* Mission.swift */ = {isa = PBXFileReference; lastKnownFileType = sourcecode.swift; path = Mission.swift; sourceTree = "<group>"; };
		95E5FAA524375C2900C7CBFC /* MissionView.swift */ = {isa = PBXFileReference; lastKnownFileType = sourcecode.swift; path = MissionView.swift; sourceTree = "<group>"; };
		95E5FAA724383B0300C7CBFC /* AstronautView.swift */ = {isa = PBXFileReference; lastKnownFileType = sourcecode.swift; path = AstronautView.swift; sourceTree = "<group>"; };
/* End PBXFileReference section */

/* Begin PBXFrameworksBuildPhase section */
		95E5FA7F2437043100C7CBFC /* Frameworks */ = {
			isa = PBXFrameworksBuildPhase;
			buildActionMask = 2147483647;
			files = (
			);
			runOnlyForDeploymentPostprocessing = 0;
		};
/* End PBXFrameworksBuildPhase section */

/* Begin PBXGroup section */
		95E5FA792437043100C7CBFC = {
			isa = PBXGroup;
			children = (
				95E5FA842437043100C7CBFC /* Moonshot */,
				95E5FA832437043100C7CBFC /* Products */,
			);
			sourceTree = "<group>";
		};
		95E5FA832437043100C7CBFC /* Products */ = {
			isa = PBXGroup;
			children = (
				95E5FA822437043100C7CBFC /* Moonshot.app */,
			);
			name = Products;
			sourceTree = "<group>";
		};
		95E5FA842437043100C7CBFC /* Moonshot */ = {
			isa = PBXGroup;
			children = (
				95E5FA852437043100C7CBFC /* AppDelegate.swift */,
				95E5FA872437043100C7CBFC /* SceneDelegate.swift */,
				95E5FA892437043100C7CBFC /* ContentView.swift */,
				95E5FA9F243727B500C7CBFC /* Astronaut.swift */,
				95E5FAA12437285B00C7CBFC /* Bundle-Decodable.swift */,
				95E5FAA324372A9800C7CBFC /* Mission.swift */,
				95E5FAA524375C2900C7CBFC /* MissionView.swift */,
				95E5FAA724383B0300C7CBFC /* AstronautView.swift */,
				95E5FA9C2437272B00C7CBFC /* astronauts.json */,
				95E5FA9B2437272B00C7CBFC /* missions.json */,
				95E5FA8B2437043600C7CBFC /* Assets.xcassets */,
				95E5FA902437043600C7CBFC /* LaunchScreen.storyboard */,
				95E5FA932437043600C7CBFC /* Info.plist */,
				95E5FA99243726AC00C7CBFC /* note.swift */,
				95E5FA8D2437043600C7CBFC /* Preview Content */,
			);
			path = Moonshot;
			sourceTree = "<group>";
		};
		95E5FA8D2437043600C7CBFC /* Preview Content */ = {
			isa = PBXGroup;
			children = (
				95E5FA8E2437043600C7CBFC /* Preview Assets.xcassets */,
			);
			path = "Preview Content";
			sourceTree = "<group>";
		};
/* End PBXGroup section */

/* Begin PBXNativeTarget section */
		95E5FA812437043100C7CBFC /* Moonshot */ = {
			isa = PBXNativeTarget;
			buildConfigurationList = 95E5FA962437043600C7CBFC /* Build configuration list for PBXNativeTarget "Moonshot" */;
			buildPhases = (
				95E5FA7E2437043100C7CBFC /* Sources */,
				95E5FA7F2437043100C7CBFC /* Frameworks */,
				95E5FA802437043100C7CBFC /* Resources */,
			);
			buildRules = (
			);
			dependencies = (
			);
			name = Moonshot;
			productName = Moonshot;
			productReference = 95E5FA822437043100C7CBFC /* Moonshot.app */;
			productType = "com.apple.product-type.application";
		};
/* End PBXNativeTarget section */

/* Begin PBXProject section */
		95E5FA7A2437043100C7CBFC /* Project object */ = {
			isa = PBXProject;
			attributes = {
				LastSwiftUpdateCheck = 1130;
				LastUpgradeCheck = 1130;
				ORGANIZATIONNAME = "Yuki Shinohara";
				TargetAttributes = {
					95E5FA812437043100C7CBFC = {
						CreatedOnToolsVersion = 11.3.1;
					};
				};
			};
			buildConfigurationList = 95E5FA7D2437043100C7CBFC /* Build configuration list for PBXProject "Moonshot" */;
			compatibilityVersion = "Xcode 9.3";
			developmentRegion = en;
			hasScannedForEncodings = 0;
			knownRegions = (
				en,
				Base,
			);
			mainGroup = 95E5FA792437043100C7CBFC;
			productRefGroup = 95E5FA832437043100C7CBFC /* Products */;
			projectDirPath = "";
			projectRoot = "";
			targets = (
				95E5FA812437043100C7CBFC /* Moonshot */,
			);
		};
/* End PBXProject section */

/* Begin PBXResourcesBuildPhase section */
		95E5FA802437043100C7CBFC /* Resources */ = {
			isa = PBXResourcesBuildPhase;
			buildActionMask = 2147483647;
			files = (
				95E5FA922437043600C7CBFC /* LaunchScreen.storyboard in Resources */,
				95E5FA8F2437043600C7CBFC /* Preview Assets.xcassets in Resources */,
				95E5FA9D2437272B00C7CBFC /* missions.json in Resources */,
				95E5FA9E2437272B00C7CBFC /* astronauts.json in Resources */,
				95E5FA8C2437043600C7CBFC /* Assets.xcassets in Resources */,
			);
			runOnlyForDeploymentPostprocessing = 0;
		};
/* End PBXResourcesBuildPhase section */

/* Begin PBXSourcesBuildPhase section */
		95E5FA7E2437043100C7CBFC /* Sources */ = {
			isa = PBXSourcesBuildPhase;
			buildActionMask = 2147483647;
			files = (
				95E5FA862437043100C7CBFC /* AppDelegate.swift in Sources */,
				95E5FAA824383B0300C7CBFC /* AstronautView.swift in Sources */,
				95E5FAA624375C2900C7CBFC /* MissionView.swift in Sources */,
				95E5FA882437043100C7CBFC /* SceneDelegate.swift in Sources */,
				95E5FAA0243727B500C7CBFC /* Astronaut.swift in Sources */,
				95E5FA8A2437043100C7CBFC /* ContentView.swift in Sources */,
				95E5FA9A243726AC00C7CBFC /* note.swift in Sources */,
				95E5FAA424372A9800C7CBFC /* Mission.swift in Sources */,
				95E5FAA22437285B00C7CBFC /* Bundle-Decodable.swift in Sources */,
			);
			runOnlyForDeploymentPostprocessing = 0;
		};
/* End PBXSourcesBuildPhase section */

/* Begin PBXVariantGroup section */
		95E5FA902437043600C7CBFC /* LaunchScreen.storyboard */ = {
			isa = PBXVariantGroup;
			children = (
				95E5FA912437043600C7CBFC /* Base */,
			);
			name = LaunchScreen.storyboard;
			sourceTree = "<group>";
		};
/* End PBXVariantGroup section */

/* Begin XCBuildConfiguration section */
		95E5FA942437043600C7CBFC /* Debug */ = {
			isa = XCBuildConfiguration;
			buildSettings = {
				ALWAYS_SEARCH_USER_PATHS = NO;
				CLANG_ANALYZER_NONNULL = YES;
				CLANG_ANALYZER_NUMBER_OBJECT_CONVERSION = YES_AGGRESSIVE;
				CLANG_CXX_LANGUAGE_STANDARD = "gnu++14";
				CLANG_CXX_LIBRARY = "libc++";
				CLANG_ENABLE_MODULES = YES;
				CLANG_ENABLE_OBJC_ARC = YES;
				CLANG_ENABLE_OBJC_WEAK = YES;
				CLANG_WARN_BLOCK_CAPTURE_AUTORELEASING = YES;
				CLANG_WARN_BOOL_CONVERSION = YES;
				CLANG_WARN_COMMA = YES;
				CLANG_WARN_CONSTANT_CONVERSION = YES;
				CLANG_WARN_DEPRECATED_OBJC_IMPLEMENTATIONS = YES;
				CLANG_WARN_DIRECT_OBJC_ISA_USAGE = YES_ERROR;
				CLANG_WARN_DOCUMENTATION_COMMENTS = YES;
				CLANG_WARN_EMPTY_BODY = YES;
				CLANG_WARN_ENUM_CONVERSION = YES;
				CLANG_WARN_INFINITE_RECURSION = YES;
				CLANG_WARN_INT_CONVERSION = YES;
				CLANG_WARN_NON_LITERAL_NULL_CONVERSION = YES;
				CLANG_WARN_OBJC_IMPLICIT_RETAIN_SELF = YES;
				CLANG_WARN_OBJC_LITERAL_CONVERSION = YES;
				CLANG_WARN_OBJC_ROOT_CLASS = YES_ERROR;
				CLANG_WARN_RANGE_LOOP_ANALYSIS = YES;
				CLANG_WARN_STRICT_PROTOTYPES = YES;
				CLANG_WARN_SUSPICIOUS_MOVE = YES;
				CLANG_WARN_UNGUARDED_AVAILABILITY = YES_AGGRESSIVE;
				CLANG_WARN_UNREACHABLE_CODE = YES;
				CLANG_WARN__DUPLICATE_METHOD_MATCH = YES;
				COPY_PHASE_STRIP = NO;
				DEBUG_INFORMATION_FORMAT = dwarf;
				ENABLE_STRICT_OBJC_MSGSEND = YES;
				ENABLE_TESTABILITY = YES;
				GCC_C_LANGUAGE_STANDARD = gnu11;
				GCC_DYNAMIC_NO_PIC = NO;
				GCC_NO_COMMON_BLOCKS = YES;
				GCC_OPTIMIZATION_LEVEL = 0;
				GCC_PREPROCESSOR_DEFINITIONS = (
					"DEBUG=1",
					"$(inherited)",
				);
				GCC_WARN_64_TO_32_BIT_CONVERSION = YES;
				GCC_WARN_ABOUT_RETURN_TYPE = YES_ERROR;
				GCC_WARN_UNDECLARED_SELECTOR = YES;
				GCC_WARN_UNINITIALIZED_AUTOS = YES_AGGRESSIVE;
				GCC_WARN_UNUSED_FUNCTION = YES;
				GCC_WARN_UNUSED_VARIABLE = YES;
				IPHONEOS_DEPLOYMENT_TARGET = 13.2;
				MTL_ENABLE_DEBUG_INFO = INCLUDE_SOURCE;
				MTL_FAST_MATH = YES;
				ONLY_ACTIVE_ARCH = YES;
				SDKROOT = iphoneos;
				SWIFT_ACTIVE_COMPILATION_CONDITIONS = DEBUG;
				SWIFT_OPTIMIZATION_LEVEL = "-Onone";
			};
			name = Debug;
		};
		95E5FA952437043600C7CBFC /* Release */ = {
			isa = XCBuildConfiguration;
			buildSettings = {
				ALWAYS_SEARCH_USER_PATHS = NO;
				CLANG_ANALYZER_NONNULL = YES;
				CLANG_ANALYZER_NUMBER_OBJECT_CONVERSION = YES_AGGRESSIVE;
				CLANG_CXX_LANGUAGE_STANDARD = "gnu++14";
				CLANG_CXX_LIBRARY = "libc++";
				CLANG_ENABLE_MODULES = YES;
				CLANG_ENABLE_OBJC_ARC = YES;
				CLANG_ENABLE_OBJC_WEAK = YES;
				CLANG_WARN_BLOCK_CAPTURE_AUTORELEASING = YES;
				CLANG_WARN_BOOL_CONVERSION = YES;
				CLANG_WARN_COMMA = YES;
				CLANG_WARN_CONSTANT_CONVERSION = YES;
				CLANG_WARN_DEPRECATED_OBJC_IMPLEMENTATIONS = YES;
				CLANG_WARN_DIRECT_OBJC_ISA_USAGE = YES_ERROR;
				CLANG_WARN_DOCUMENTATION_COMMENTS = YES;
				CLANG_WARN_EMPTY_BODY = YES;
				CLANG_WARN_ENUM_CONVERSION = YES;
				CLANG_WARN_INFINITE_RECURSION = YES;
				CLANG_WARN_INT_CONVERSION = YES;
				CLANG_WARN_NON_LITERAL_NULL_CONVERSION = YES;
				CLANG_WARN_OBJC_IMPLICIT_RETAIN_SELF = YES;
				CLANG_WARN_OBJC_LITERAL_CONVERSION = YES;
				CLANG_WARN_OBJC_ROOT_CLASS = YES_ERROR;
				CLANG_WARN_RANGE_LOOP_ANALYSIS = YES;
				CLANG_WARN_STRICT_PROTOTYPES = YES;
				CLANG_WARN_SUSPICIOUS_MOVE = YES;
				CLANG_WARN_UNGUARDED_AVAILABILITY = YES_AGGRESSIVE;
				CLANG_WARN_UNREACHABLE_CODE = YES;
				CLANG_WARN__DUPLICATE_METHOD_MATCH = YES;
				COPY_PHASE_STRIP = NO;
				DEBUG_INFORMATION_FORMAT = "dwarf-with-dsym";
				ENABLE_NS_ASSERTIONS = NO;
				ENABLE_STRICT_OBJC_MSGSEND = YES;
				GCC_C_LANGUAGE_STANDARD = gnu11;
				GCC_NO_COMMON_BLOCKS = YES;
				GCC_WARN_64_TO_32_BIT_CONVERSION = YES;
				GCC_WARN_ABOUT_RETURN_TYPE = YES_ERROR;
				GCC_WARN_UNDECLARED_SELECTOR = YES;
				GCC_WARN_UNINITIALIZED_AUTOS = YES_AGGRESSIVE;
				GCC_WARN_UNUSED_FUNCTION = YES;
				GCC_WARN_UNUSED_VARIABLE = YES;
				IPHONEOS_DEPLOYMENT_TARGET = 13.2;
				MTL_ENABLE_DEBUG_INFO = NO;
				MTL_FAST_MATH = YES;
				SDKROOT = iphoneos;
				SWIFT_COMPILATION_MODE = wholemodule;
				SWIFT_OPTIMIZATION_LEVEL = "-O";
				VALIDATE_PRODUCT = YES;
			};
			name = Release;
		};
		95E5FA972437043600C7CBFC /* Debug */ = {
			isa = XCBuildConfiguration;
			buildSettings = {
				ASSETCATALOG_COMPILER_APPICON_NAME = AppIcon;
				CODE_SIGN_STYLE = Automatic;
				DEVELOPMENT_ASSET_PATHS = "\"Moonshot/Preview Content\"";
				DEVELOPMENT_TEAM = 7RFPAQ2NAA;
				ENABLE_PREVIEWS = YES;
				INFOPLIST_FILE = Moonshot/Info.plist;
				LD_RUNPATH_SEARCH_PATHS = (
					"$(inherited)",
					"@executable_path/Frameworks",
				);
				PRODUCT_BUNDLE_IDENTIFIER = com.shino.Moonshot;
				PRODUCT_NAME = "$(TARGET_NAME)";
				SWIFT_VERSION = 5.0;
				TARGETED_DEVICE_FAMILY = "1,2";
			};
			name = Debug;
		};
		95E5FA982437043600C7CBFC /* Release */ = {
			isa = XCBuildConfiguration;
			buildSettings = {
				ASSETCATALOG_COMPILER_APPICON_NAME = AppIcon;
				CODE_SIGN_STYLE = Automatic;
				DEVELOPMENT_ASSET_PATHS = "\"Moonshot/Preview Content\"";
				DEVELOPMENT_TEAM = 7RFPAQ2NAA;
				ENABLE_PREVIEWS = YES;
				INFOPLIST_FILE = Moonshot/Info.plist;
				LD_RUNPATH_SEARCH_PATHS = (
					"$(inherited)",
					"@executable_path/Frameworks",
				);
				PRODUCT_BUNDLE_IDENTIFIER = com.shino.Moonshot;
				PRODUCT_NAME = "$(TARGET_NAME)";
				SWIFT_VERSION = 5.0;
				TARGETED_DEVICE_FAMILY = "1,2";
			};
			name = Release;
		};
/* End XCBuildConfiguration section */

/* Begin XCConfigurationList section */
		95E5FA7D2437043100C7CBFC /* Build configuration list for PBXProject "Moonshot" */ = {
			isa = XCConfigurationList;
			buildConfigurations = (
				95E5FA942437043600C7CBFC /* Debug */,
				95E5FA952437043600C7CBFC /* Release */,
			);
			defaultConfigurationIsVisible = 0;
			defaultConfigurationName = Release;
		};
		95E5FA962437043600C7CBFC /* Build configuration list for PBXNativeTarget "Moonshot" */ = {
			isa = XCConfigurationList;
			buildConfigurations = (
				95E5FA972437043600C7CBFC /* Debug */,
				95E5FA982437043600C7CBFC /* Release */,
			);
			defaultConfigurationIsVisible = 0;
			defaultConfigurationName = Release;
		};
/* End XCConfigurationList section */
	};
	rootObject = 95E5FA7A2437043100C7CBFC /* Project object */;
}
